// !$*UTF8*$!
{
	archiveVersion = 1;
	classes = {
	};
	objectVersion = 56;
	objects = {

/* Begin PBXBuildFile section */
		C0752DDB2C81F0FD0027A2D4 /* OnboardingScreenApp.swift in Sources */ = {isa = PBXBuildFile; fileRef = C0752DDA2C81F0FD0027A2D4 /* OnboardingScreenApp.swift */; };
		C0752DDD2C81F0FD0027A2D4 /* ContentView.swift in Sources */ = {isa = PBXBuildFile; fileRef = C0752DDC2C81F0FD0027A2D4 /* ContentView.swift */; };
		C0752DDF2C81F0FE0027A2D4 /* Assets.xcassets in Resources */ = {isa = PBXBuildFile; fileRef = C0752DDE2C81F0FE0027A2D4 /* Assets.xcassets */; };
		C0752DE22C81F0FE0027A2D4 /* Preview Assets.xcassets in Resources */ = {isa = PBXBuildFile; fileRef = C0752DE12C81F0FE0027A2D4 /* Preview Assets.xcassets */; };
		C0752DEC2C81F0FE0027A2D4 /* OnboardingScreenTests.swift in Sources */ = {isa = PBXBuildFile; fileRef = C0752DEB2C81F0FE0027A2D4 /* OnboardingScreenTests.swift */; };
		C0752DF62C81F0FE0027A2D4 /* OnboardingScreenUITests.swift in Sources */ = {isa = PBXBuildFile; fileRef = C0752DF52C81F0FE0027A2D4 /* OnboardingScreenUITests.swift */; };
		C0752DF82C81F0FE0027A2D4 /* OnboardingScreenUITestsLaunchTests.swift in Sources */ = {isa = PBXBuildFile; fileRef = C0752DF72C81F0FE0027A2D4 /* OnboardingScreenUITestsLaunchTests.swift */; };
		C0752E052C81F1380027A2D4 /* OnboardingPage.swift in Sources */ = {isa = PBXBuildFile; fileRef = C0752E042C81F1380027A2D4 /* OnboardingPage.swift */; };
/* End PBXBuildFile section */

/* Begin PBXContainerItemProxy section */
		C0752DE82C81F0FE0027A2D4 /* PBXContainerItemProxy */ = {
			isa = PBXContainerItemProxy;
			containerPortal = C0752DCF2C81F0FD0027A2D4 /* Project object */;
			proxyType = 1;
			remoteGlobalIDString = C0752DD62C81F0FD0027A2D4;
			remoteInfo = OnboardingScreen;
		};
		C0752DF22C81F0FE0027A2D4 /* PBXContainerItemProxy */ = {
			isa = PBXContainerItemProxy;
			containerPortal = C0752DCF2C81F0FD0027A2D4 /* Project object */;
			proxyType = 1;
			remoteGlobalIDString = C0752DD62C81F0FD0027A2D4;
			remoteInfo = OnboardingScreen;
		};
/* End PBXContainerItemProxy section */

/* Begin PBXFileReference section */
		C0752DD72C81F0FD0027A2D4 /* OnboardingScreen.app */ = {isa = PBXFileReference; explicitFileType = wrapper.application; includeInIndex = 0; path = OnboardingScreen.app; sourceTree = BUILT_PRODUCTS_DIR; };
		C0752DDA2C81F0FD0027A2D4 /* OnboardingScreenApp.swift */ = {isa = PBXFileReference; lastKnownFileType = sourcecode.swift; path = OnboardingScreenApp.swift; sourceTree = "<group>"; };
		C0752DDC2C81F0FD0027A2D4 /* ContentView.swift */ = {isa = PBXFileReference; lastKnownFileType = sourcecode.swift; path = ContentView.swift; sourceTree = "<group>"; };
		C0752DDE2C81F0FE0027A2D4 /* Assets.xcassets */ = {isa = PBXFileReference; lastKnownFileType = folder.assetcatalog; path = Assets.xcassets; sourceTree = "<group>"; };
		C0752DE12C81F0FE0027A2D4 /* Preview Assets.xcassets */ = {isa = PBXFileReference; lastKnownFileType = folder.assetcatalog; path = "Preview Assets.xcassets"; sourceTree = "<group>"; };
		C0752DE72C81F0FE0027A2D4 /* OnboardingScreenTests.xctest */ = {isa = PBXFileReference; explicitFileType = wrapper.cfbundle; includeInIndex = 0; path = OnboardingScreenTests.xctest; sourceTree = BUILT_PRODUCTS_DIR; };
		C0752DEB2C81F0FE0027A2D4 /* OnboardingScreenTests.swift */ = {isa = PBXFileReference; lastKnownFileType = sourcecode.swift; path = OnboardingScreenTests.swift; sourceTree = "<group>"; };
		C0752DF12C81F0FE0027A2D4 /* OnboardingScreenUITests.xctest */ = {isa = PBXFileReference; explicitFileType = wrapper.cfbundle; includeInIndex = 0; path = OnboardingScreenUITests.xctest; sourceTree = BUILT_PRODUCTS_DIR; };
		C0752DF52C81F0FE0027A2D4 /* OnboardingScreenUITests.swift */ = {isa = PBXFileReference; lastKnownFileType = sourcecode.swift; path = OnboardingScreenUITests.swift; sourceTree = "<group>"; };
		C0752DF72C81F0FE0027A2D4 /* OnboardingScreenUITestsLaunchTests.swift */ = {isa = PBXFileReference; lastKnownFileType = sourcecode.swift; path = OnboardingScreenUITestsLaunchTests.swift; sourceTree = "<group>"; };
		C0752E042C81F1380027A2D4 /* OnboardingPage.swift */ = {isa = PBXFileReference; lastKnownFileType = sourcecode.swift; path = OnboardingPage.swift; sourceTree = "<group>"; };
/* End PBXFileReference section */

/* Begin PBXFrameworksBuildPhase section */
		C0752DD42C81F0FD0027A2D4 /* Frameworks */ = {
			isa = PBXFrameworksBuildPhase;
			buildActionMask = 2147483647;
			files = (
			);
			runOnlyForDeploymentPostprocessing = 0;
		};
		C0752DE42C81F0FE0027A2D4 /* Frameworks */ = {
			isa = PBXFrameworksBuildPhase;
			buildActionMask = 2147483647;
			files = (
			);
			runOnlyForDeploymentPostprocessing = 0;
		};
		C0752DEE2C81F0FE0027A2D4 /* Frameworks */ = {
			isa = PBXFrameworksBuildPhase;
			buildActionMask = 2147483647;
			files = (
			);
			runOnlyForDeploymentPostprocessing = 0;
		};
/* End PBXFrameworksBuildPhase section */

/* Begin PBXGroup section */
		C0752DCE2C81F0FD0027A2D4 = {
			isa = PBXGroup;
			children = (
				C0752DD92C81F0FD0027A2D4 /* OnboardingScreen */,
				C0752DEA2C81F0FE0027A2D4 /* OnboardingScreenTests */,
				C0752DF42C81F0FE0027A2D4 /* OnboardingScreenUITests */,
				C0752DD82C81F0FD0027A2D4 /* Products */,
			);
			sourceTree = "<group>";
		};
		C0752DD82C81F0FD0027A2D4 /* Products */ = {
			isa = PBXGroup;
			children = (
				C0752DD72C81F0FD0027A2D4 /* OnboardingScreen.app */,
				C0752DE72C81F0FE0027A2D4 /* OnboardingScreenTests.xctest */,
				C0752DF12C81F0FE0027A2D4 /* OnboardingScreenUITests.xctest */,
			);
			name = Products;
			sourceTree = "<group>";
		};
		C0752DD92C81F0FD0027A2D4 /* OnboardingScreen */ = {
			isa = PBXGroup;
			children = (
				C0752DDA2C81F0FD0027A2D4 /* OnboardingScreenApp.swift */,
				C0752DDC2C81F0FD0027A2D4 /* ContentView.swift */,
				C0752DDE2C81F0FE0027A2D4 /* Assets.xcassets */,
				C0752DE02C81F0FE0027A2D4 /* Preview Content */,
				C0752E042C81F1380027A2D4 /* OnboardingPage.swift */,
			);
			path = OnboardingScreen;
			sourceTree = "<group>";
		};
		C0752DE02C81F0FE0027A2D4 /* Preview Content */ = {
			isa = PBXGroup;
			children = (
				C0752DE12C81F0FE0027A2D4 /* Preview Assets.xcassets */,
			);
			path = "Preview Content";
			sourceTree = "<group>";
		};
		C0752DEA2C81F0FE0027A2D4 /* OnboardingScreenTests */ = {
			isa = PBXGroup;
			children = (
				C0752DEB2C81F0FE0027A2D4 /* OnboardingScreenTests.swift */,
			);
			path = OnboardingScreenTests;
			sourceTree = "<group>";
		};
		C0752DF42C81F0FE0027A2D4 /* OnboardingScreenUITests */ = {
			isa = PBXGroup;
			children = (
				C0752DF52C81F0FE0027A2D4 /* OnboardingScreenUITests.swift */,
				C0752DF72C81F0FE0027A2D4 /* OnboardingScreenUITestsLaunchTests.swift */,
			);
			path = OnboardingScreenUITests;
			sourceTree = "<group>";
		};
/* End PBXGroup section */

/* Begin PBXNativeTarget section */
		C0752DD62C81F0FD0027A2D4 /* OnboardingScreen */ = {
			isa = PBXNativeTarget;
			buildConfigurationList = C0752DFB2C81F0FE0027A2D4 /* Build configuration list for PBXNativeTarget "OnboardingScreen" */;
			buildPhases = (
				C0752DD32C81F0FD0027A2D4 /* Sources */,
				C0752DD42C81F0FD0027A2D4 /* Frameworks */,
				C0752DD52C81F0FD0027A2D4 /* Resources */,
			);
			buildRules = (
			);
			dependencies = (
			);
			name = OnboardingScreen;
			productName = OnboardingScreen;
			productReference = C0752DD72C81F0FD0027A2D4 /* OnboardingScreen.app */;
			productType = "com.apple.product-type.application";
		};
		C0752DE62C81F0FE0027A2D4 /* OnboardingScreenTests */ = {
			isa = PBXNativeTarget;
			buildConfigurationList = C0752DFE2C81F0FE0027A2D4 /* Build configuration list for PBXNativeTarget "OnboardingScreenTests" */;
			buildPhases = (
				C0752DE32C81F0FE0027A2D4 /* Sources */,
				C0752DE42C81F0FE0027A2D4 /* Frameworks */,
				C0752DE52C81F0FE0027A2D4 /* Resources */,
			);
			buildRules = (
			);
			dependencies = (
				C0752DE92C81F0FE0027A2D4 /* PBXTargetDependency */,
			);
			name = OnboardingScreenTests;
			productName = OnboardingScreenTests;
			productReference = C0752DE72C81F0FE0027A2D4 /* OnboardingScreenTests.xctest */;
			productType = "com.apple.product-type.bundle.unit-test";
		};
		C0752DF02C81F0FE0027A2D4 /* OnboardingScreenUITests */ = {
			isa = PBXNativeTarget;
			buildConfigurationList = C0752E012C81F0FE0027A2D4 /* Build configuration list for PBXNativeTarget "OnboardingScreenUITests" */;
			buildPhases = (
				C0752DED2C81F0FE0027A2D4 /* Sources */,
				C0752DEE2C81F0FE0027A2D4 /* Frameworks */,
				C0752DEF2C81F0FE0027A2D4 /* Resources */,
			);
			buildRules = (
			);
			dependencies = (
				C0752DF32C81F0FE0027A2D4 /* PBXTargetDependency */,
			);
			name = OnboardingScreenUITests;
			productName = OnboardingScreenUITests;
			productReference = C0752DF12C81F0FE0027A2D4 /* OnboardingScreenUITests.xctest */;
			productType = "com.apple.product-type.bundle.ui-testing";
		};
/* End PBXNativeTarget section */

/* Begin PBXProject section */
		C0752DCF2C81F0FD0027A2D4 /* Project object */ = {
			isa = PBXProject;
			attributes = {
				BuildIndependentTargetsInParallel = 1;
				LastSwiftUpdateCheck = 1540;
				LastUpgradeCheck = 1540;
				TargetAttributes = {
					C0752DD62C81F0FD0027A2D4 = {
						CreatedOnToolsVersion = 15.4;
					};
					C0752DE62C81F0FE0027A2D4 = {
						CreatedOnToolsVersion = 15.4;
						TestTargetID = C0752DD62C81F0FD0027A2D4;
					};
					C0752DF02C81F0FE0027A2D4 = {
						CreatedOnToolsVersion = 15.4;
						TestTargetID = C0752DD62C81F0FD0027A2D4;
					};
				};
			};
			buildConfigurationList = C0752DD22C81F0FD0027A2D4 /* Build configuration list for PBXProject "OnboardingScreen" */;
			compatibilityVersion = "Xcode 14.0";
			developmentRegion = en;
			hasScannedForEncodings = 0;
			knownRegions = (
				en,
				Base,
			);
			mainGroup = C0752DCE2C81F0FD0027A2D4;
			productRefGroup = C0752DD82C81F0FD0027A2D4 /* Products */;
			projectDirPath = "";
			projectRoot = "";
			targets = (
				C0752DD62C81F0FD0027A2D4 /* OnboardingScreen */,
				C0752DE62C81F0FE0027A2D4 /* OnboardingScreenTests */,
				C0752DF02C81F0FE0027A2D4 /* OnboardingScreenUITests */,
			);
		};
/* End PBXProject section */

/* Begin PBXResourcesBuildPhase section */
		C0752DD52C81F0FD0027A2D4 /* Resources */ = {
			isa = PBXResourcesBuildPhase;
			buildActionMask = 2147483647;
			files = (
				C0752DE22C81F0FE0027A2D4 /* Preview Assets.xcassets in Resources */,
				C0752DDF2C81F0FE0027A2D4 /* Assets.xcassets in Resources */,
			);
			runOnlyForDeploymentPostprocessing = 0;
		};
		C0752DE52C81F0FE0027A2D4 /* Resources */ = {
			isa = PBXResourcesBuildPhase;
			buildActionMask = 2147483647;
			files = (
			);
			runOnlyForDeploymentPostprocessing = 0;
		};
		C0752DEF2C81F0FE0027A2D4 /* Resources */ = {
			isa = PBXResourcesBuildPhase;
			buildActionMask = 2147483647;
			files = (
			);
			runOnlyForDeploymentPostprocessing = 0;
		};
/* End PBXResourcesBuildPhase section */

/* Begin PBXSourcesBuildPhase section */
		C0752DD32C81F0FD0027A2D4 /* Sources */ = {
			isa = PBXSourcesBuildPhase;
			buildActionMask = 2147483647;
			files = (
				C0752DDD2C81F0FD0027A2D4 /* ContentView.swift in Sources */,
				C0752DDB2C81F0FD0027A2D4 /* OnboardingScreenApp.swift in Sources */,
				C0752E052C81F1380027A2D4 /* OnboardingPage.swift in Sources */,
			);
			runOnlyForDeploymentPostprocessing = 0;
		};
		C0752DE32C81F0FE0027A2D4 /* Sources */ = {
			isa = PBXSourcesBuildPhase;
			buildActionMask = 2147483647;
			files = (
				C0752DEC2C81F0FE0027A2D4 /* OnboardingScreenTests.swift in Sources */,
			);
			runOnlyForDeploymentPostprocessing = 0;
		};
		C0752DED2C81F0FE0027A2D4 /* Sources */ = {
			isa = PBXSourcesBuildPhase;
			buildActionMask = 2147483647;
			files = (
				C0752DF62C81F0FE0027A2D4 /* OnboardingScreenUITests.swift in Sources */,
				C0752DF82C81F0FE0027A2D4 /* OnboardingScreenUITestsLaunchTests.swift in Sources */,
			);
			runOnlyForDeploymentPostprocessing = 0;
		};
/* End PBXSourcesBuildPhase section */

/* Begin PBXTargetDependency section */
		C0752DE92C81F0FE0027A2D4 /* PBXTargetDependency */ = {
			isa = PBXTargetDependency;
			target = C0752DD62C81F0FD0027A2D4 /* OnboardingScreen */;
			targetProxy = C0752DE82C81F0FE0027A2D4 /* PBXContainerItemProxy */;
		};
		C0752DF32C81F0FE0027A2D4 /* PBXTargetDependency */ = {
			isa = PBXTargetDependency;
			target = C0752DD62C81F0FD0027A2D4 /* OnboardingScreen */;
			targetProxy = C0752DF22C81F0FE0027A2D4 /* PBXContainerItemProxy */;
		};
/* End PBXTargetDependency section */

/* Begin XCBuildConfiguration section */
		C0752DF92C81F0FE0027A2D4 /* Debug */ = {
			isa = XCBuildConfiguration;
			buildSettings = {
				ALWAYS_SEARCH_USER_PATHS = NO;
				ASSETCATALOG_COMPILER_GENERATE_SWIFT_ASSET_SYMBOL_EXTENSIONS = YES;
				CLANG_ANALYZER_NONNULL = YES;
				CLANG_ANALYZER_NUMBER_OBJECT_CONVERSION = YES_AGGRESSIVE;
				CLANG_CXX_LANGUAGE_STANDARD = "gnu++20";
				CLANG_ENABLE_MODULES = YES;
				CLANG_ENABLE_OBJC_ARC = YES;
				CLANG_ENABLE_OBJC_WEAK = YES;
				CLANG_WARN_BLOCK_CAPTURE_AUTORELEASING = YES;
				CLANG_WARN_BOOL_CONVERSION = YES;
				CLANG_WARN_COMMA = YES;
				CLANG_WARN_CONSTANT_CONVERSION = YES;
				CLANG_WARN_DEPRECATED_OBJC_IMPLEMENTATIONS = YES;
				CLANG_WARN_DIRECT_OBJC_ISA_USAGE = YES_ERROR;
				CLANG_WARN_DOCUMENTATION_COMMENTS = YES;
				CLANG_WARN_EMPTY_BODY = YES;
				CLANG_WARN_ENUM_CONVERSION = YES;
				CLANG_WARN_INFINITE_RECURSION = YES;
				CLANG_WARN_INT_CONVERSION = YES;
				CLANG_WARN_NON_LITERAL_NULL_CONVERSION = YES;
				CLANG_WARN_OBJC_IMPLICIT_RETAIN_SELF = YES;
				CLANG_WARN_OBJC_LITERAL_CONVERSION = YES;
				CLANG_WARN_OBJC_ROOT_CLASS = YES_ERROR;
				CLANG_WARN_QUOTED_INCLUDE_IN_FRAMEWORK_HEADER = YES;
				CLANG_WARN_RANGE_LOOP_ANALYSIS = YES;
				CLANG_WARN_STRICT_PROTOTYPES = YES;
				CLANG_WARN_SUSPICIOUS_MOVE = YES;
				CLANG_WARN_UNGUARDED_AVAILABILITY = YES_AGGRESSIVE;
				CLANG_WARN_UNREACHABLE_CODE = YES;
				CLANG_WARN__DUPLICATE_METHOD_MATCH = YES;
				COPY_PHASE_STRIP = NO;
				DEBUG_INFORMATION_FORMAT = dwarf;
				ENABLE_STRICT_OBJC_MSGSEND = YES;
				ENABLE_TESTABILITY = YES;
				ENABLE_USER_SCRIPT_SANDBOXING = YES;
				GCC_C_LANGUAGE_STANDARD = gnu17;
				GCC_DYNAMIC_NO_PIC = NO;
				GCC_NO_COMMON_BLOCKS = YES;
				GCC_OPTIMIZATION_LEVEL = 0;
				GCC_PREPROCESSOR_DEFINITIONS = (
					"DEBUG=1",
					"$(inherited)",
				);
				GCC_WARN_64_TO_32_BIT_CONVERSION = YES;
				GCC_WARN_ABOUT_RETURN_TYPE = YES_ERROR;
				GCC_WARN_UNDECLARED_SELECTOR = YES;
				GCC_WARN_UNINITIALIZED_AUTOS = YES_AGGRESSIVE;
				GCC_WARN_UNUSED_FUNCTION = YES;
				GCC_WARN_UNUSED_VARIABLE = YES;
				IPHONEOS_DEPLOYMENT_TARGET = 17.5;
				LOCALIZATION_PREFERS_STRING_CATALOGS = YES;
				MTL_ENABLE_DEBUG_INFO = INCLUDE_SOURCE;
				MTL_FAST_MATH = YES;
				ONLY_ACTIVE_ARCH = YES;
				SDKROOT = iphoneos;
				SWIFT_ACTIVE_COMPILATION_CONDITIONS = "DEBUG $(inherited)";
				SWIFT_OPTIMIZATION_LEVEL = "-Onone";
			};
			name = Debug;
		};
		C0752DFA2C81F0FE0027A2D4 /* Release */ = {
			isa = XCBuildConfiguration;
			buildSettings = {
				ALWAYS_SEARCH_USER_PATHS = NO;
				ASSETCATALOG_COMPILER_GENERATE_SWIFT_ASSET_SYMBOL_EXTENSIONS = YES;
				CLANG_ANALYZER_NONNULL = YES;
				CLANG_ANALYZER_NUMBER_OBJECT_CONVERSION = YES_AGGRESSIVE;
				CLANG_CXX_LANGUAGE_STANDARD = "gnu++20";
				CLANG_ENABLE_MODULES = YES;
				CLANG_ENABLE_OBJC_ARC = YES;
				CLANG_ENABLE_OBJC_WEAK = YES;
				CLANG_WARN_BLOCK_CAPTURE_AUTORELEASING = YES;
				CLANG_WARN_BOOL_CONVERSION = YES;
				CLANG_WARN_COMMA = YES;
				CLANG_WARN_CONSTANT_CONVERSION = YES;
				CLANG_WARN_DEPRECATED_OBJC_IMPLEMENTATIONS = YES;
				CLANG_WARN_DIRECT_OBJC_ISA_USAGE = YES_ERROR;
				CLANG_WARN_DOCUMENTATION_COMMENTS = YES;
				CLANG_WARN_EMPTY_BODY = YES;
				CLANG_WARN_ENUM_CONVERSION = YES;
				CLANG_WARN_INFINITE_RECURSION = YES;
				CLANG_WARN_INT_CONVERSION = YES;
				CLANG_WARN_NON_LITERAL_NULL_CONVERSION = YES;
				CLANG_WARN_OBJC_IMPLICIT_RETAIN_SELF = YES;
				CLANG_WARN_OBJC_LITERAL_CONVERSION = YES;
				CLANG_WARN_OBJC_ROOT_CLASS = YES_ERROR;
				CLANG_WARN_QUOTED_INCLUDE_IN_FRAMEWORK_HEADER = YES;
				CLANG_WARN_RANGE_LOOP_ANALYSIS = YES;
				CLANG_WARN_STRICT_PROTOTYPES = YES;
				CLANG_WARN_SUSPICIOUS_MOVE = YES;
				CLANG_WARN_UNGUARDED_AVAILABILITY = YES_AGGRESSIVE;
				CLANG_WARN_UNREACHABLE_CODE = YES;
				CLANG_WARN__DUPLICATE_METHOD_MATCH = YES;
				COPY_PHASE_STRIP = NO;
				DEBUG_INFORMATION_FORMAT = "dwarf-with-dsym";
				ENABLE_NS_ASSERTIONS = NO;
				ENABLE_STRICT_OBJC_MSGSEND = YES;
				ENABLE_USER_SCRIPT_SANDBOXING = YES;
				GCC_C_LANGUAGE_STANDARD = gnu17;
				GCC_NO_COMMON_BLOCKS = YES;
				GCC_WARN_64_TO_32_BIT_CONVERSION = YES;
				GCC_WARN_ABOUT_RETURN_TYPE = YES_ERROR;
				GCC_WARN_UNDECLARED_SELECTOR = YES;
				GCC_WARN_UNINITIALIZED_AUTOS = YES_AGGRESSIVE;
				GCC_WARN_UNUSED_FUNCTION = YES;
				GCC_WARN_UNUSED_VARIABLE = YES;
				IPHONEOS_DEPLOYMENT_TARGET = 17.5;
				LOCALIZATION_PREFERS_STRING_CATALOGS = YES;
				MTL_ENABLE_DEBUG_INFO = NO;
				MTL_FAST_MATH = YES;
				SDKROOT = iphoneos;
				SWIFT_COMPILATION_MODE = wholemodule;
				VALIDATE_PRODUCT = YES;
			};
			name = Release;
		};
		C0752DFC2C81F0FE0027A2D4 /* Debug */ = {
			isa = XCBuildConfiguration;
			buildSettings = {
				ASSETCATALOG_COMPILER_APPICON_NAME = AppIcon;
				ASSETCATALOG_COMPILER_GLOBAL_ACCENT_COLOR_NAME = AccentColor;
				CODE_SIGN_STYLE = Automatic;
				CURRENT_PROJECT_VERSION = 1;
				DEVELOPMENT_ASSET_PATHS = "\"OnboardingScreen/Preview Content\"";
				ENABLE_PREVIEWS = YES;
				GENERATE_INFOPLIST_FILE = YES;
				INFOPLIST_KEY_UIApplicationSceneManifest_Generation = YES;
				INFOPLIST_KEY_UIApplicationSupportsIndirectInputEvents = YES;
				INFOPLIST_KEY_UILaunchScreen_Generation = YES;
				INFOPLIST_KEY_UISupportedInterfaceOrientations_iPad = "UIInterfaceOrientationPortrait UIInterfaceOrientationPortraitUpsideDown UIInterfaceOrientationLandscapeLeft UIInterfaceOrientationLandscapeRight";
				INFOPLIST_KEY_UISupportedInterfaceOrientations_iPhone = "UIInterfaceOrientationPortrait UIInterfaceOrientationLandscapeLeft UIInterfaceOrientationLandscapeRight";
				LD_RUNPATH_SEARCH_PATHS = (
					"$(inherited)",
					"@executable_path/Frameworks",
				);
				MARKETING_VERSION = 1.0;
				PRODUCT_BUNDLE_IDENTIFIER = com.onboardingscreen.OnboardingScreen;
				PRODUCT_NAME = "$(TARGET_NAME)";
				SWIFT_EMIT_LOC_STRINGS = YES;
				SWIFT_VERSION = 5.0;
				TARGETED_DEVICE_FAMILY = "1,2";
			};
			name = Debug;
		};
		C0752DFD2C81F0FE0027A2D4 /* Release */ = {
			isa = XCBuildConfiguration;
			buildSettings = {
				ASSETCATALOG_COMPILER_APPICON_NAME = AppIcon;
				ASSETCATALOG_COMPILER_GLOBAL_ACCENT_COLOR_NAME = AccentColor;
				CODE_SIGN_STYLE = Automatic;
				CURRENT_PROJECT_VERSION = 1;
				DEVELOPMENT_ASSET_PATHS = "\"OnboardingScreen/Preview Content\"";
				ENABLE_PREVIEWS = YES;
				GENERATE_INFOPLIST_FILE = YES;
				INFOPLIST_KEY_UIApplicationSceneManifest_Generation = YES;
				INFOPLIST_KEY_UIApplicationSupportsIndirectInputEvents = YES;
				INFOPLIST_KEY_UILaunchScreen_Generation = YES;
				INFOPLIST_KEY_UISupportedInterfaceOrientations_iPad = "UIInterfaceOrientationPortrait UIInterfaceOrientationPortraitUpsideDown UIInterfaceOrientationLandscapeLeft UIInterfaceOrientationLandscapeRight";
				INFOPLIST_KEY_UISupportedInterfaceOrientations_iPhone = "UIInterfaceOrientationPortrait UIInterfaceOrientationLandscapeLeft UIInterfaceOrientationLandscapeRight";
				LD_RUNPATH_SEARCH_PATHS = (
					"$(inherited)",
					"@executable_path/Frameworks",
				);
				MARKETING_VERSION = 1.0;
				PRODUCT_BUNDLE_IDENTIFIER = com.onboardingscreen.OnboardingScreen;
				PRODUCT_NAME = "$(TARGET_NAME)";
				SWIFT_EMIT_LOC_STRINGS = YES;
				SWIFT_VERSION = 5.0;
				TARGETED_DEVICE_FAMILY = "1,2";
			};
			name = Release;
		};
		C0752DFF2C81F0FE0027A2D4 /* Debug */ = {
			isa = XCBuildConfiguration;
			buildSettings = {
				ALWAYS_EMBED_SWIFT_STANDARD_LIBRARIES = YES;
				BUNDLE_LOADER = "$(TEST_HOST)";
				CODE_SIGN_STYLE = Automatic;
				CURRENT_PROJECT_VERSION = 1;
				GENERATE_INFOPLIST_FILE = YES;
				IPHONEOS_DEPLOYMENT_TARGET = 17.5;
				MARKETING_VERSION = 1.0;
				PRODUCT_BUNDLE_IDENTIFIER = com.onboardingscreen.OnboardingScreenTests;
				PRODUCT_NAME = "$(TARGET_NAME)";
				SWIFT_EMIT_LOC_STRINGS = NO;
				SWIFT_VERSION = 5.0;
				TARGETED_DEVICE_FAMILY = "1,2";
				TEST_HOST = "$(BUILT_PRODUCTS_DIR)/OnboardingScreen.app/$(BUNDLE_EXECUTABLE_FOLDER_PATH)/OnboardingScreen";
			};
			name = Debug;
		};
		C0752E002C81F0FE0027A2D4 /* Release */ = {
			isa = XCBuildConfiguration;
			buildSettings = {
				ALWAYS_EMBED_SWIFT_STANDARD_LIBRARIES = YES;
				BUNDLE_LOADER = "$(TEST_HOST)";
				CODE_SIGN_STYLE = Automatic;
				CURRENT_PROJECT_VERSION = 1;
				GENERATE_INFOPLIST_FILE = YES;
				IPHONEOS_DEPLOYMENT_TARGET = 17.5;
				MARKETING_VERSION = 1.0;
				PRODUCT_BUNDLE_IDENTIFIER = com.onboardingscreen.OnboardingScreenTests;
				PRODUCT_NAME = "$(TARGET_NAME)";
				SWIFT_EMIT_LOC_STRINGS = NO;
				SWIFT_VERSION = 5.0;
				TARGETED_DEVICE_FAMILY = "1,2";
				TEST_HOST = "$(BUILT_PRODUCTS_DIR)/OnboardingScreen.app/$(BUNDLE_EXECUTABLE_FOLDER_PATH)/OnboardingScreen";
			};
			name = Release;
		};
		C0752E022C81F0FE0027A2D4 /* Debug */ = {
			isa = XCBuildConfiguration;
			buildSettings = {
				ALWAYS_EMBED_SWIFT_STANDARD_LIBRARIES = YES;
				CODE_SIGN_STYLE = Automatic;
				CURRENT_PROJECT_VERSION = 1;
				GENERATE_INFOPLIST_FILE = YES;
				MARKETING_VERSION = 1.0;
				PRODUCT_BUNDLE_IDENTIFIER = com.onboardingscreen.OnboardingScreenUITests;
				PRODUCT_NAME = "$(TARGET_NAME)";
				SWIFT_EMIT_LOC_STRINGS = NO;
				SWIFT_VERSION = 5.0;
				TARGETED_DEVICE_FAMILY = "1,2";
				TEST_TARGET_NAME = OnboardingScreen;
			};
			name = Debug;
		};
		C0752E032C81F0FE0027A2D4 /* Release */ = {
			isa = XCBuildConfiguration;
			buildSettings = {
				ALWAYS_EMBED_SWIFT_STANDARD_LIBRARIES = YES;
				CODE_SIGN_STYLE = Automatic;
				CURRENT_PROJECT_VERSION = 1;
				GENERATE_INFOPLIST_FILE = YES;
				MARKETING_VERSION = 1.0;
				PRODUCT_BUNDLE_IDENTIFIER = com.onboardingscreen.OnboardingScreenUITests;
				PRODUCT_NAME = "$(TARGET_NAME)";
				SWIFT_EMIT_LOC_STRINGS = NO;
				SWIFT_VERSION = 5.0;
				TARGETED_DEVICE_FAMILY = "1,2";
				TEST_TARGET_NAME = OnboardingScreen;
			};
			name = Release;
		};
/* End XCBuildConfiguration section */

/* Begin XCConfigurationList section */
		C0752DD22C81F0FD0027A2D4 /* Build configuration list for PBXProject "OnboardingScreen" */ = {
			isa = XCConfigurationList;
			buildConfigurations = (
				C0752DF92C81F0FE0027A2D4 /* Debug */,
				C0752DFA2C81F0FE0027A2D4 /* Release */,
			);
			defaultConfigurationIsVisible = 0;
			defaultConfigurationName = Release;
		};
		C0752DFB2C81F0FE0027A2D4 /* Build configuration list for PBXNativeTarget "OnboardingScreen" */ = {
			isa = XCConfigurationList;
			buildConfigurations = (
				C0752DFC2C81F0FE0027A2D4 /* Debug */,
				C0752DFD2C81F0FE0027A2D4 /* Release */,
			);
			defaultConfigurationIsVisible = 0;
			defaultConfigurationName = Release;
		};
		C0752DFE2C81F0FE0027A2D4 /* Build configuration list for PBXNativeTarget "OnboardingScreenTests" */ = {
			isa = XCConfigurationList;
			buildConfigurations = (
				C0752DFF2C81F0FE0027A2D4 /* Debug */,
				C0752E002C81F0FE0027A2D4 /* Release */,
			);
			defaultConfigurationIsVisible = 0;
			defaultConfigurationName = Release;
		};
		C0752E012C81F0FE0027A2D4 /* Build configuration list for PBXNativeTarget "OnboardingScreenUITests" */ = {
			isa = XCConfigurationList;
			buildConfigurations = (
				C0752E022C81F0FE0027A2D4 /* Debug */,
				C0752E032C81F0FE0027A2D4 /* Release */,
			);
			defaultConfigurationIsVisible = 0;
			defaultConfigurationName = Release;
		};
/* End XCConfigurationList section */
	};
	rootObject = C0752DCF2C81F0FD0027A2D4 /* Project object */;
}
